// !$*UTF8*$!
{
	archiveVersion = 1;
	classes = {
	};
	objectVersion = 46;
	objects = {

/* Begin PBXBuildFile section */
		3A0C31C01B4592AA00C9D373 /* Default-568h@2x.png in Resources */ = {isa = PBXBuildFile; fileRef = 3A0C31BF1B4592AA00C9D373 /* Default-568h@2x.png */; };
		3A20C3951AAF7CB40055BBF4 /* AppDelegate.swift in Sources */ = {isa = PBXBuildFile; fileRef = 3A20C3941AAF7CB40055BBF4 /* AppDelegate.swift */; };
		3A20C3971AAF7CB40055BBF4 /* EventFeedViewController.swift in Sources */ = {isa = PBXBuildFile; fileRef = 3A20C3961AAF7CB40055BBF4 /* EventFeedViewController.swift */; };
		3A20C3991AAF7CB40055BBF4 /* UserProfileViewController.swift in Sources */ = {isa = PBXBuildFile; fileRef = 3A20C3981AAF7CB40055BBF4 /* UserProfileViewController.swift */; };
		3A20C39C1AAF7CB40055BBF4 /* Main.storyboard in Resources */ = {isa = PBXBuildFile; fileRef = 3A20C39A1AAF7CB40055BBF4 /* Main.storyboard */; };
		3A20C39E1AAF7CB40055BBF4 /* Images.xcassets in Resources */ = {isa = PBXBuildFile; fileRef = 3A20C39D1AAF7CB40055BBF4 /* Images.xcassets */; };
		3A20C3AD1AAF7CB40055BBF4 /* motifiedTests.swift in Sources */ = {isa = PBXBuildFile; fileRef = 3A20C3AC1AAF7CB40055BBF4 /* motifiedTests.swift */; };
		3A20C3EF1AAF80450055BBF4 /* Event.swift in Sources */ = {isa = PBXBuildFile; fileRef = 3A20C3EE1AAF80450055BBF4 /* Event.swift */; };
		3A20C3F11AAF805C0055BBF4 /* LoginManager.swift in Sources */ = {isa = PBXBuildFile; fileRef = 3A20C3F01AAF805C0055BBF4 /* LoginManager.swift */; };
		3A20C3F31AAF8C5F0055BBF4 /* MainViewController.swift in Sources */ = {isa = PBXBuildFile; fileRef = 3A20C3F21AAF8C5F0055BBF4 /* MainViewController.swift */; };
		3A20C3F51AAF8C850055BBF4 /* MainTabBar.swift in Sources */ = {isa = PBXBuildFile; fileRef = 3A20C3F41AAF8C850055BBF4 /* MainTabBar.swift */; };
		3A20C4081AB0A0CD0055BBF4 /* LoginManager.swift in Sources */ = {isa = PBXBuildFile; fileRef = 3A20C3F01AAF805C0055BBF4 /* LoginManager.swift */; };
		3A20C4091AB0A0CF0055BBF4 /* Event.swift in Sources */ = {isa = PBXBuildFile; fileRef = 3A20C3EE1AAF80450055BBF4 /* Event.swift */; };
		3A20C40A1AB0A0D70055BBF4 /* AppDelegate.swift in Sources */ = {isa = PBXBuildFile; fileRef = 3A20C3941AAF7CB40055BBF4 /* AppDelegate.swift */; };
		3A20C40B1AB0A0DB0055BBF4 /* EventFeedViewController.swift in Sources */ = {isa = PBXBuildFile; fileRef = 3A20C3961AAF7CB40055BBF4 /* EventFeedViewController.swift */; };
		3A20C40C1AB0A0DD0055BBF4 /* UserProfileViewController.swift in Sources */ = {isa = PBXBuildFile; fileRef = 3A20C3981AAF7CB40055BBF4 /* UserProfileViewController.swift */; };
		3A20C40D1AB0A0E30055BBF4 /* Main.storyboard in Resources */ = {isa = PBXBuildFile; fileRef = 3A20C39A1AAF7CB40055BBF4 /* Main.storyboard */; };
		3A20C40F1AB0A0EA0055BBF4 /* MainViewController.swift in Sources */ = {isa = PBXBuildFile; fileRef = 3A20C3F21AAF8C5F0055BBF4 /* MainViewController.swift */; };
		3A20C4101AB0A0ED0055BBF4 /* MainTabBar.swift in Sources */ = {isa = PBXBuildFile; fileRef = 3A20C3F41AAF8C850055BBF4 /* MainTabBar.swift */; };
		3A20C4121AB49AAD0055BBF4 /* BMInputBox.swift in Sources */ = {isa = PBXBuildFile; fileRef = 3A20C4111AB49AAD0055BBF4 /* BMInputBox.swift */; };
		3A20C4141AB49C620055BBF4 /* UserPreferenceManager.swift in Sources */ = {isa = PBXBuildFile; fileRef = 3A20C4131AB49C620055BBF4 /* UserPreferenceManager.swift */; };
		3A20C4151AB4A1170055BBF4 /* BMInputBox.swift in Sources */ = {isa = PBXBuildFile; fileRef = 3A20C4111AB49AAD0055BBF4 /* BMInputBox.swift */; };
		3A20C4161AB4A1F90055BBF4 /* UserPreferenceManager.swift in Sources */ = {isa = PBXBuildFile; fileRef = 3A20C4131AB49C620055BBF4 /* UserPreferenceManager.swift */; };
		3A20C4181AB4A6960055BBF4 /* delay.swift in Sources */ = {isa = PBXBuildFile; fileRef = 3A20C4171AB4A6960055BBF4 /* delay.swift */; };
		3A20C4191AB4A6960055BBF4 /* delay.swift in Sources */ = {isa = PBXBuildFile; fileRef = 3A20C4171AB4A6960055BBF4 /* delay.swift */; };
		3A20C41B1AB4AC670055BBF4 /* AuthManagingViewController.swift in Sources */ = {isa = PBXBuildFile; fileRef = 3A20C41A1AB4AC670055BBF4 /* AuthManagingViewController.swift */; };
		3A20C41C1AB4AC670055BBF4 /* AuthManagingViewController.swift in Sources */ = {isa = PBXBuildFile; fileRef = 3A20C41A1AB4AC670055BBF4 /* AuthManagingViewController.swift */; };
		3A5152E91AB7BE4700DC290B /* CreateEventViewController.swift in Sources */ = {isa = PBXBuildFile; fileRef = 3A5152E81AB7BE4700DC290B /* CreateEventViewController.swift */; };
		3A5152EA1AB7BE4700DC290B /* CreateEventViewController.swift in Sources */ = {isa = PBXBuildFile; fileRef = 3A5152E81AB7BE4700DC290B /* CreateEventViewController.swift */; };
		3A5152EC1AB871A500DC290B /* MotifiedDateFormatter.swift in Sources */ = {isa = PBXBuildFile; fileRef = 3A5152EB1AB871A500DC290B /* MotifiedDateFormatter.swift */; };
		3A5152ED1AB871A500DC290B /* MotifiedDateFormatter.swift in Sources */ = {isa = PBXBuildFile; fileRef = 3A5152EB1AB871A500DC290B /* MotifiedDateFormatter.swift */; };
		3A5152F41AB88D2200DC290B /* check@3x.png in Resources */ = {isa = PBXBuildFile; fileRef = 3A5152F11AB88D2200DC290B /* check@3x.png */; };
		3A5152F51AB88D2200DC290B /* check@3x.png in Resources */ = {isa = PBXBuildFile; fileRef = 3A5152F11AB88D2200DC290B /* check@3x.png */; };
		3A5152F61AB88D2200DC290B /* check@2x.png in Resources */ = {isa = PBXBuildFile; fileRef = 3A5152F21AB88D2200DC290B /* check@2x.png */; };
		3A5152F71AB88D2200DC290B /* check@2x.png in Resources */ = {isa = PBXBuildFile; fileRef = 3A5152F21AB88D2200DC290B /* check@2x.png */; };
		3A5152F81AB88D2200DC290B /* check@1x.png in Resources */ = {isa = PBXBuildFile; fileRef = 3A5152F31AB88D2200DC290B /* check@1x.png */; };
		3A5152F91AB88D2200DC290B /* check@1x.png in Resources */ = {isa = PBXBuildFile; fileRef = 3A5152F31AB88D2200DC290B /* check@1x.png */; };
		3A5153001AB8A2B700DC290B /* arrow-left@3x.png in Resources */ = {isa = PBXBuildFile; fileRef = 3A5152FD1AB8A2B700DC290B /* arrow-left@3x.png */; };
		3A5153011AB8A2B700DC290B /* arrow-left@3x.png in Resources */ = {isa = PBXBuildFile; fileRef = 3A5152FD1AB8A2B700DC290B /* arrow-left@3x.png */; };
		3A5153021AB8A2B700DC290B /* arrow-left@2x.png in Resources */ = {isa = PBXBuildFile; fileRef = 3A5152FE1AB8A2B700DC290B /* arrow-left@2x.png */; };
		3A5153031AB8A2B700DC290B /* arrow-left@2x.png in Resources */ = {isa = PBXBuildFile; fileRef = 3A5152FE1AB8A2B700DC290B /* arrow-left@2x.png */; };
		3A5153041AB8A2B700DC290B /* arrow-left@1x.png in Resources */ = {isa = PBXBuildFile; fileRef = 3A5152FF1AB8A2B700DC290B /* arrow-left@1x.png */; };
		3A5153051AB8A2B700DC290B /* arrow-left@1x.png in Resources */ = {isa = PBXBuildFile; fileRef = 3A5152FF1AB8A2B700DC290B /* arrow-left@1x.png */; };
		3A5153071ABC802D00DC290B /* LocationPickerViewController.swift in Sources */ = {isa = PBXBuildFile; fileRef = 3A5153061ABC802D00DC290B /* LocationPickerViewController.swift */; };
		3A5153081ABC802D00DC290B /* LocationPickerViewController.swift in Sources */ = {isa = PBXBuildFile; fileRef = 3A5153061ABC802D00DC290B /* LocationPickerViewController.swift */; };
		3A5153161AC1CF5500DC290B /* ArtAndDesign.png in Resources */ = {isa = PBXBuildFile; fileRef = 3A5153091AC1CF5500DC290B /* ArtAndDesign.png */; };
		3A5153171AC1CF5500DC290B /* ArtAndDesign.png in Resources */ = {isa = PBXBuildFile; fileRef = 3A5153091AC1CF5500DC290B /* ArtAndDesign.png */; };
		3A5153181AC1CF5500DC290B /* Campus.png in Resources */ = {isa = PBXBuildFile; fileRef = 3A51530A1AC1CF5500DC290B /* Campus.png */; };
		3A5153191AC1CF5500DC290B /* Campus.png in Resources */ = {isa = PBXBuildFile; fileRef = 3A51530A1AC1CF5500DC290B /* Campus.png */; };
		3A51531A1AC1CF5500DC290B /* Environmental.png in Resources */ = {isa = PBXBuildFile; fileRef = 3A51530B1AC1CF5500DC290B /* Environmental.png */; };
		3A51531B1AC1CF5500DC290B /* Environmental.png in Resources */ = {isa = PBXBuildFile; fileRef = 3A51530B1AC1CF5500DC290B /* Environmental.png */; };
		3A51531C1AC1CF5500DC290B /* Film.png in Resources */ = {isa = PBXBuildFile; fileRef = 3A51530C1AC1CF5500DC290B /* Film.png */; };
		3A51531D1AC1CF5500DC290B /* Film.png in Resources */ = {isa = PBXBuildFile; fileRef = 3A51530C1AC1CF5500DC290B /* Film.png */; };
		3A51531E1AC1CF5500DC290B /* Food.png in Resources */ = {isa = PBXBuildFile; fileRef = 3A51530D1AC1CF5500DC290B /* Food.png */; };
		3A51531F1AC1CF5500DC290B /* Food.png in Resources */ = {isa = PBXBuildFile; fileRef = 3A51530D1AC1CF5500DC290B /* Food.png */; };
		3A5153201AC1CF5500DC290B /* Lectures.png in Resources */ = {isa = PBXBuildFile; fileRef = 3A51530E1AC1CF5500DC290B /* Lectures.png */; };
		3A5153211AC1CF5500DC290B /* Lectures.png in Resources */ = {isa = PBXBuildFile; fileRef = 3A51530E1AC1CF5500DC290B /* Lectures.png */; };
		3A5153221AC1CF5500DC290B /* LivePerformances.png in Resources */ = {isa = PBXBuildFile; fileRef = 3A51530F1AC1CF5500DC290B /* LivePerformances.png */; };
		3A5153231AC1CF5500DC290B /* LivePerformances.png in Resources */ = {isa = PBXBuildFile; fileRef = 3A51530F1AC1CF5500DC290B /* LivePerformances.png */; };
		3A5153241AC1CF5500DC290B /* MindBodySpirit.png in Resources */ = {isa = PBXBuildFile; fileRef = 3A5153101AC1CF5500DC290B /* MindBodySpirit.png */; };
		3A5153251AC1CF5500DC290B /* MindBodySpirit.png in Resources */ = {isa = PBXBuildFile; fileRef = 3A5153101AC1CF5500DC290B /* MindBodySpirit.png */; };
		3A5153261AC1CF5500DC290B /* MusicalPerformances.png in Resources */ = {isa = PBXBuildFile; fileRef = 3A5153111AC1CF5500DC290B /* MusicalPerformances.png */; };
		3A5153271AC1CF5500DC290B /* MusicalPerformances.png in Resources */ = {isa = PBXBuildFile; fileRef = 3A5153111AC1CF5500DC290B /* MusicalPerformances.png */; };
		3A5153281AC1CF5500DC290B /* OutdoorsAndAdventure.png in Resources */ = {isa = PBXBuildFile; fileRef = 3A5153121AC1CF5500DC290B /* OutdoorsAndAdventure.png */; };
		3A5153291AC1CF5500DC290B /* OutdoorsAndAdventure.png in Resources */ = {isa = PBXBuildFile; fileRef = 3A5153121AC1CF5500DC290B /* OutdoorsAndAdventure.png */; };
		3A51532A1AC1CF5500DC290B /* Party.png in Resources */ = {isa = PBXBuildFile; fileRef = 3A5153131AC1CF5500DC290B /* Party.png */; };
		3A51532B1AC1CF5500DC290B /* Party.png in Resources */ = {isa = PBXBuildFile; fileRef = 3A5153131AC1CF5500DC290B /* Party.png */; };
		3A51532C1AC1CF5500DC290B /* SportingEvents.png in Resources */ = {isa = PBXBuildFile; fileRef = 3A5153141AC1CF5500DC290B /* SportingEvents.png */; };
		3A51532D1AC1CF5500DC290B /* SportingEvents.png in Resources */ = {isa = PBXBuildFile; fileRef = 3A5153141AC1CF5500DC290B /* SportingEvents.png */; };
		3A51532E1AC1CF5500DC290B /* Technology.png in Resources */ = {isa = PBXBuildFile; fileRef = 3A5153151AC1CF5500DC290B /* Technology.png */; };
		3A51532F1AC1CF5500DC290B /* Technology.png in Resources */ = {isa = PBXBuildFile; fileRef = 3A5153151AC1CF5500DC290B /* Technology.png */; };
		3A68FB941AFA7FEB003C7438 /* YALSunnyRefreshControl.m in Sources */ = {isa = PBXBuildFile; fileRef = 3A68FB921AFA7FEB003C7438 /* YALSunnyRefreshControl.m */; };
		3A68FB951AFA7FEB003C7438 /* YALSunnyRefreshControl.xib in Resources */ = {isa = PBXBuildFile; fileRef = 3A68FB931AFA7FEB003C7438 /* YALSunnyRefreshControl.xib */; };
		3A68FBB51AFA80D2003C7438 /* buildings.png in Resources */ = {isa = PBXBuildFile; fileRef = 3A68FB981AFA80D2003C7438 /* buildings.png */; };
		3A68FBB61AFA80D2003C7438 /* buildings@2x.png in Resources */ = {isa = PBXBuildFile; fileRef = 3A68FB991AFA80D2003C7438 /* buildings@2x.png */; };
		3A68FBB71AFA80D2003C7438 /* buildings@3x.png in Resources */ = {isa = PBXBuildFile; fileRef = 3A68FB9A1AFA80D2003C7438 /* buildings@3x.png */; };
		3A68FBB81AFA80D2003C7438 /* Contents.json in Resources */ = {isa = PBXBuildFile; fileRef = 3A68FB9B1AFA80D2003C7438 /* Contents.json */; };
		3A68FBB91AFA80D2003C7438 /* Contents.json in Resources */ = {isa = PBXBuildFile; fileRef = 3A68FB9D1AFA80D2003C7438 /* Contents.json */; };
		3A68FBBA1AFA80D2003C7438 /* icn_1.png in Resources */ = {isa = PBXBuildFile; fileRef = 3A68FB9E1AFA80D2003C7438 /* icn_1.png */; };
		3A68FBBB1AFA80D2003C7438 /* icn_1@2x.png in Resources */ = {isa = PBXBuildFile; fileRef = 3A68FB9F1AFA80D2003C7438 /* icn_1@2x.png */; };
		3A68FBBC1AFA80D2003C7438 /* icn_1@3x.png in Resources */ = {isa = PBXBuildFile; fileRef = 3A68FBA01AFA80D2003C7438 /* icn_1@3x.png */; };
		3A68FBBD1AFA80D2003C7438 /* Contents.json in Resources */ = {isa = PBXBuildFile; fileRef = 3A68FBA21AFA80D2003C7438 /* Contents.json */; };
		3A68FBBE1AFA80D2003C7438 /* icn_2.png in Resources */ = {isa = PBXBuildFile; fileRef = 3A68FBA31AFA80D2003C7438 /* icn_2.png */; };
		3A68FBBF1AFA80D2003C7438 /* icn_2@2x.png in Resources */ = {isa = PBXBuildFile; fileRef = 3A68FBA41AFA80D2003C7438 /* icn_2@2x.png */; };
		3A68FBC01AFA80D2003C7438 /* icn_2@3x.png in Resources */ = {isa = PBXBuildFile; fileRef = 3A68FBA51AFA80D2003C7438 /* icn_2@3x.png */; };
		3A68FBC11AFA80D2003C7438 /* Contents.json in Resources */ = {isa = PBXBuildFile; fileRef = 3A68FBA71AFA80D2003C7438 /* Contents.json */; };
		3A68FBC21AFA80D2003C7438 /* icn_3.png in Resources */ = {isa = PBXBuildFile; fileRef = 3A68FBA81AFA80D2003C7438 /* icn_3.png */; };
		3A68FBC31AFA80D2003C7438 /* icn_3@2x.png in Resources */ = {isa = PBXBuildFile; fileRef = 3A68FBA91AFA80D2003C7438 /* icn_3@2x.png */; };
		3A68FBC41AFA80D2003C7438 /* icn_3@3x.png in Resources */ = {isa = PBXBuildFile; fileRef = 3A68FBAA1AFA80D2003C7438 /* icn_3@3x.png */; };
		3A68FBC51AFA80D2003C7438 /* Contents.json in Resources */ = {isa = PBXBuildFile; fileRef = 3A68FBAC1AFA80D2003C7438 /* Contents.json */; };
		3A68FBC61AFA80D2003C7438 /* sky.png in Resources */ = {isa = PBXBuildFile; fileRef = 3A68FBAD1AFA80D2003C7438 /* sky.png */; };
		3A68FBC71AFA80D2003C7438 /* sky@2x.png in Resources */ = {isa = PBXBuildFile; fileRef = 3A68FBAE1AFA80D2003C7438 /* sky@2x.png */; };
		3A68FBC81AFA80D2003C7438 /* sky@3x.png in Resources */ = {isa = PBXBuildFile; fileRef = 3A68FBAF1AFA80D2003C7438 /* sky@3x.png */; };
		3A68FBC91AFA80D2003C7438 /* Contents.json in Resources */ = {isa = PBXBuildFile; fileRef = 3A68FBB11AFA80D2003C7438 /* Contents.json */; };
		3A68FBCA1AFA80D2003C7438 /* sun.png in Resources */ = {isa = PBXBuildFile; fileRef = 3A68FBB21AFA80D2003C7438 /* sun.png */; };
		3A68FBCB1AFA80D2003C7438 /* sun@2x.png in Resources */ = {isa = PBXBuildFile; fileRef = 3A68FBB31AFA80D2003C7438 /* sun@2x.png */; };
		3A68FBCC1AFA80D2003C7438 /* sun@3x.png in Resources */ = {isa = PBXBuildFile; fileRef = 3A68FBB41AFA80D2003C7438 /* sun@3x.png */; };
		3A8FCBF11AFBCB3E00AC32AE /* DictionaryExtension.swift in Sources */ = {isa = PBXBuildFile; fileRef = 3A8FCBF01AFBCB3E00AC32AE /* DictionaryExtension.swift */; };
		3A8FCBF21AFBCB3E00AC32AE /* DictionaryExtension.swift in Sources */ = {isa = PBXBuildFile; fileRef = 3A8FCBF01AFBCB3E00AC32AE /* DictionaryExtension.swift */; };
		3AB859E81AF91F2F00D79F6A /* json.swift in Sources */ = {isa = PBXBuildFile; fileRef = 3AB859E71AF91F2F00D79F6A /* json.swift */; };
		3AB859E91AF920B100D79F6A /* json.swift in Sources */ = {isa = PBXBuildFile; fileRef = 3AB859E71AF91F2F00D79F6A /* json.swift */; };
		3AB859EB1AF92E5A00D79F6A /* CategoryTableViewCell.swift in Sources */ = {isa = PBXBuildFile; fileRef = 3AB859EA1AF92E5A00D79F6A /* CategoryTableViewCell.swift */; };
		3AB859EC1AF92E5A00D79F6A /* CategoryTableViewCell.swift in Sources */ = {isa = PBXBuildFile; fileRef = 3AB859EA1AF92E5A00D79F6A /* CategoryTableViewCell.swift */; };
		3AB859EE1AF93DFF00D79F6A /* CategoryListViewController.swift in Sources */ = {isa = PBXBuildFile; fileRef = 3AB859ED1AF93DFF00D79F6A /* CategoryListViewController.swift */; };
		3AB859EF1AF93DFF00D79F6A /* CategoryListViewController.swift in Sources */ = {isa = PBXBuildFile; fileRef = 3AB859ED1AF93DFF00D79F6A /* CategoryListViewController.swift */; };
		3ABD294F1AB5FFB60022CE9E /* EventTableViewCell.swift in Sources */ = {isa = PBXBuildFile; fileRef = 3ABD294E1AB5FFB60022CE9E /* EventTableViewCell.swift */; };
		3ABD29501AB5FFB60022CE9E /* EventTableViewCell.swift in Sources */ = {isa = PBXBuildFile; fileRef = 3ABD294E1AB5FFB60022CE9E /* EventTableViewCell.swift */; };
		3ABD29521AB6148E0022CE9E /* APIManager.swift in Sources */ = {isa = PBXBuildFile; fileRef = 3ABD29511AB6148E0022CE9E /* APIManager.swift */; };
		3ABD29531AB6148E0022CE9E /* APIManager.swift in Sources */ = {isa = PBXBuildFile; fileRef = 3ABD29511AB6148E0022CE9E /* APIManager.swift */; };
		3ABD29551AB73A4D0022CE9E /* constants.swift in Sources */ = {isa = PBXBuildFile; fileRef = 3ABD29541AB73A4D0022CE9E /* constants.swift */; };
		3ABD29561AB73A4D0022CE9E /* constants.swift in Sources */ = {isa = PBXBuildFile; fileRef = 3ABD29541AB73A4D0022CE9E /* constants.swift */; };
		3AC9EDA81AC465F3005F5ADB /* EventCategory.swift in Sources */ = {isa = PBXBuildFile; fileRef = 3AC9EDA71AC465F3005F5ADB /* EventCategory.swift */; };
		3AC9EDAB1AC46CA9005F5ADB /* EventCategory.swift in Sources */ = {isa = PBXBuildFile; fileRef = 3AC9EDA71AC465F3005F5ADB /* EventCategory.swift */; };
		3AC9EDAD1AC5B656005F5ADB /* addBorder.swift in Sources */ = {isa = PBXBuildFile; fileRef = 3AC9EDAC1AC5B656005F5ADB /* addBorder.swift */; };
		3AC9EDAE1AC5B656005F5ADB /* addBorder.swift in Sources */ = {isa = PBXBuildFile; fileRef = 3AC9EDAC1AC5B656005F5ADB /* addBorder.swift */; };
		3AD171701AF2AB4C00523A5D /* debounce.swift in Sources */ = {isa = PBXBuildFile; fileRef = 3AD1716F1AF2AB4C00523A5D /* debounce.swift */; };
		3AD171711AF2AB4C00523A5D /* debounce.swift in Sources */ = {isa = PBXBuildFile; fileRef = 3AD1716F1AF2AB4C00523A5D /* debounce.swift */; };
		3ADC50DC1AC31AE400545255 /* EventDetailViewController.swift in Sources */ = {isa = PBXBuildFile; fileRef = 3ADC50DB1AC31AE400545255 /* EventDetailViewController.swift */; };
		3ADC50DD1AC31AE400545255 /* EventDetailViewController.swift in Sources */ = {isa = PBXBuildFile; fileRef = 3ADC50DB1AC31AE400545255 /* EventDetailViewController.swift */; };
		3ADC50E41AC31F2300545255 /* NSDateExtension.swift in Sources */ = {isa = PBXBuildFile; fileRef = 3ADC50E31AC31F2300545255 /* NSDateExtension.swift */; };
		3ADC50E51AC31F2300545255 /* NSDateExtension.swift in Sources */ = {isa = PBXBuildFile; fileRef = 3ADC50E31AC31F2300545255 /* NSDateExtension.swift */; };
		3ADC50E71AC3495800545255 /* ColorManager.swift in Sources */ = {isa = PBXBuildFile; fileRef = 3ADC50E61AC3495800545255 /* ColorManager.swift */; };
		3ADC50E81AC3495800545255 /* ColorManager.swift in Sources */ = {isa = PBXBuildFile; fileRef = 3ADC50E61AC3495800545255 /* ColorManager.swift */; };
		3AE26A231AC1E0A7001432E1 /* Location@1x.png in Resources */ = {isa = PBXBuildFile; fileRef = 3AE26A201AC1E0A7001432E1 /* Location@1x.png */; };
		3AE26A241AC1E0A7001432E1 /* Location@1x.png in Resources */ = {isa = PBXBuildFile; fileRef = 3AE26A201AC1E0A7001432E1 /* Location@1x.png */; };
		3AE26A251AC1E0A7001432E1 /* Location@2x.png in Resources */ = {isa = PBXBuildFile; fileRef = 3AE26A211AC1E0A7001432E1 /* Location@2x.png */; };
		3AE26A261AC1E0A7001432E1 /* Location@2x.png in Resources */ = {isa = PBXBuildFile; fileRef = 3AE26A211AC1E0A7001432E1 /* Location@2x.png */; };
		3AE26A271AC1E0A7001432E1 /* Location@3x.png in Resources */ = {isa = PBXBuildFile; fileRef = 3AE26A221AC1E0A7001432E1 /* Location@3x.png */; };
		3AE26A281AC1E0A7001432E1 /* Location@3x.png in Resources */ = {isa = PBXBuildFile; fileRef = 3AE26A221AC1E0A7001432E1 /* Location@3x.png */; };
		3AEB79111B2F4C86005F4C32 /* B.png in Resources */ = {isa = PBXBuildFile; fileRef = 3AEB790E1B2F4C86005F4C32 /* B.png */; };
		3AEB79121B2F4C86005F4C32 /* B@2x.png in Resources */ = {isa = PBXBuildFile; fileRef = 3AEB790F1B2F4C86005F4C32 /* B@2x.png */; };
		3AEB79131B2F4C86005F4C32 /* B@3x.png in Resources */ = {isa = PBXBuildFile; fileRef = 3AEB79101B2F4C86005F4C32 /* B@3x.png */; };
		E7C0CFADC39AEB645A4796D6 /* libPods.a in Frameworks */ = {isa = PBXBuildFile; fileRef = 374DD4637BE32A706382ACFA /* libPods.a */; };
/* End PBXBuildFile section */

/* Begin PBXContainerItemProxy section */
		3A20C3A71AAF7CB40055BBF4 /* PBXContainerItemProxy */ = {
			isa = PBXContainerItemProxy;
			containerPortal = 3A20C3871AAF7CB40055BBF4 /* Project object */;
			proxyType = 1;
			remoteGlobalIDString = 3A20C38E1AAF7CB40055BBF4;
			remoteInfo = motified;
		};
/* End PBXContainerItemProxy section */

/* Begin PBXFileReference section */
		2387A0DB163D8F90DAEF6FA5 /* Pods.release.xcconfig */ = {isa = PBXFileReference; includeInIndex = 1; lastKnownFileType = text.xcconfig; name = Pods.release.xcconfig; path = "Pods/Target Support Files/Pods/Pods.release.xcconfig"; sourceTree = "<group>"; };
		374DD4637BE32A706382ACFA /* libPods.a */ = {isa = PBXFileReference; explicitFileType = archive.ar; includeInIndex = 0; path = libPods.a; sourceTree = BUILT_PRODUCTS_DIR; };
		3A0C31BF1B4592AA00C9D373 /* Default-568h@2x.png */ = {isa = PBXFileReference; lastKnownFileType = image.png; path = "Default-568h@2x.png"; sourceTree = "<group>"; };
		3A20C38F1AAF7CB40055BBF4 /* motified.app */ = {isa = PBXFileReference; explicitFileType = wrapper.application; includeInIndex = 0; path = motified.app; sourceTree = BUILT_PRODUCTS_DIR; };
		3A20C3931AAF7CB40055BBF4 /* Info.plist */ = {isa = PBXFileReference; lastKnownFileType = text.plist.xml; path = Info.plist; sourceTree = "<group>"; };
		3A20C3941AAF7CB40055BBF4 /* AppDelegate.swift */ = {isa = PBXFileReference; lastKnownFileType = sourcecode.swift; path = AppDelegate.swift; sourceTree = "<group>"; };
		3A20C3961AAF7CB40055BBF4 /* EventFeedViewController.swift */ = {isa = PBXFileReference; lastKnownFileType = sourcecode.swift; path = EventFeedViewController.swift; sourceTree = "<group>"; };
		3A20C3981AAF7CB40055BBF4 /* UserProfileViewController.swift */ = {isa = PBXFileReference; lastKnownFileType = sourcecode.swift; path = UserProfileViewController.swift; sourceTree = "<group>"; };
		3A20C39B1AAF7CB40055BBF4 /* Base */ = {isa = PBXFileReference; lastKnownFileType = file.storyboard; name = Base; path = Base.lproj/Main.storyboard; sourceTree = "<group>"; };
		3A20C39D1AAF7CB40055BBF4 /* Images.xcassets */ = {isa = PBXFileReference; lastKnownFileType = folder.assetcatalog; path = Images.xcassets; sourceTree = "<group>"; };
		3A20C3A61AAF7CB40055BBF4 /* motifiedTests.xctest */ = {isa = PBXFileReference; explicitFileType = wrapper.cfbundle; includeInIndex = 0; path = motifiedTests.xctest; sourceTree = BUILT_PRODUCTS_DIR; };
		3A20C3AB1AAF7CB40055BBF4 /* Info.plist */ = {isa = PBXFileReference; lastKnownFileType = text.plist.xml; path = Info.plist; sourceTree = "<group>"; };
		3A20C3AC1AAF7CB40055BBF4 /* motifiedTests.swift */ = {isa = PBXFileReference; lastKnownFileType = sourcecode.swift; path = motifiedTests.swift; sourceTree = "<group>"; };
		3A20C3ED1AAF80060055BBF4 /* BridgingHeader.h */ = {isa = PBXFileReference; lastKnownFileType = sourcecode.c.h; path = BridgingHeader.h; sourceTree = "<group>"; };
		3A20C3EE1AAF80450055BBF4 /* Event.swift */ = {isa = PBXFileReference; fileEncoding = 4; lastKnownFileType = sourcecode.swift; path = Event.swift; sourceTree = "<group>"; };
		3A20C3F01AAF805C0055BBF4 /* LoginManager.swift */ = {isa = PBXFileReference; fileEncoding = 4; lastKnownFileType = sourcecode.swift; path = LoginManager.swift; sourceTree = "<group>"; };
		3A20C3F21AAF8C5F0055BBF4 /* MainViewController.swift */ = {isa = PBXFileReference; fileEncoding = 4; lastKnownFileType = sourcecode.swift; path = MainViewController.swift; sourceTree = "<group>"; };
		3A20C3F41AAF8C850055BBF4 /* MainTabBar.swift */ = {isa = PBXFileReference; fileEncoding = 4; lastKnownFileType = sourcecode.swift; path = MainTabBar.swift; sourceTree = "<group>"; };
		3A20C4111AB49AAD0055BBF4 /* BMInputBox.swift */ = {isa = PBXFileReference; fileEncoding = 4; lastKnownFileType = sourcecode.swift; path = BMInputBox.swift; sourceTree = "<group>"; };
		3A20C4131AB49C620055BBF4 /* UserPreferenceManager.swift */ = {isa = PBXFileReference; fileEncoding = 4; lastKnownFileType = sourcecode.swift; path = UserPreferenceManager.swift; sourceTree = "<group>"; };
		3A20C4171AB4A6960055BBF4 /* delay.swift */ = {isa = PBXFileReference; fileEncoding = 4; lastKnownFileType = sourcecode.swift; path = delay.swift; sourceTree = "<group>"; };
		3A20C41A1AB4AC670055BBF4 /* AuthManagingViewController.swift */ = {isa = PBXFileReference; fileEncoding = 4; lastKnownFileType = sourcecode.swift; path = AuthManagingViewController.swift; sourceTree = "<group>"; };
		3A5152E81AB7BE4700DC290B /* CreateEventViewController.swift */ = {isa = PBXFileReference; fileEncoding = 4; lastKnownFileType = sourcecode.swift; path = CreateEventViewController.swift; sourceTree = "<group>"; };
		3A5152EB1AB871A500DC290B /* MotifiedDateFormatter.swift */ = {isa = PBXFileReference; fileEncoding = 4; lastKnownFileType = sourcecode.swift; name = MotifiedDateFormatter.swift; path = ../MotifiedDateFormatter.swift; sourceTree = "<group>"; };
		3A5152F11AB88D2200DC290B /* check@3x.png */ = {isa = PBXFileReference; lastKnownFileType = image.png; path = "check@3x.png"; sourceTree = "<group>"; };
		3A5152F21AB88D2200DC290B /* check@2x.png */ = {isa = PBXFileReference; lastKnownFileType = image.png; path = "check@2x.png"; sourceTree = "<group>"; };
		3A5152F31AB88D2200DC290B /* check@1x.png */ = {isa = PBXFileReference; lastKnownFileType = image.png; path = "check@1x.png"; sourceTree = "<group>"; };
		3A5152FD1AB8A2B700DC290B /* arrow-left@3x.png */ = {isa = PBXFileReference; lastKnownFileType = image.png; path = "arrow-left@3x.png"; sourceTree = "<group>"; };
		3A5152FE1AB8A2B700DC290B /* arrow-left@2x.png */ = {isa = PBXFileReference; lastKnownFileType = image.png; path = "arrow-left@2x.png"; sourceTree = "<group>"; };
		3A5152FF1AB8A2B700DC290B /* arrow-left@1x.png */ = {isa = PBXFileReference; lastKnownFileType = image.png; path = "arrow-left@1x.png"; sourceTree = "<group>"; };
		3A5153061ABC802D00DC290B /* LocationPickerViewController.swift */ = {isa = PBXFileReference; fileEncoding = 4; lastKnownFileType = sourcecode.swift; path = LocationPickerViewController.swift; sourceTree = "<group>"; };
		3A5153091AC1CF5500DC290B /* ArtAndDesign.png */ = {isa = PBXFileReference; lastKnownFileType = image.png; path = ArtAndDesign.png; sourceTree = "<group>"; };
		3A51530A1AC1CF5500DC290B /* Campus.png */ = {isa = PBXFileReference; lastKnownFileType = image.png; path = Campus.png; sourceTree = "<group>"; };
		3A51530B1AC1CF5500DC290B /* Environmental.png */ = {isa = PBXFileReference; lastKnownFileType = image.png; path = Environmental.png; sourceTree = "<group>"; };
		3A51530C1AC1CF5500DC290B /* Film.png */ = {isa = PBXFileReference; lastKnownFileType = image.png; path = Film.png; sourceTree = "<group>"; };
		3A51530D1AC1CF5500DC290B /* Food.png */ = {isa = PBXFileReference; lastKnownFileType = image.png; path = Food.png; sourceTree = "<group>"; };
		3A51530E1AC1CF5500DC290B /* Lectures.png */ = {isa = PBXFileReference; lastKnownFileType = image.png; path = Lectures.png; sourceTree = "<group>"; };
		3A51530F1AC1CF5500DC290B /* LivePerformances.png */ = {isa = PBXFileReference; lastKnownFileType = image.png; path = LivePerformances.png; sourceTree = "<group>"; };
		3A5153101AC1CF5500DC290B /* MindBodySpirit.png */ = {isa = PBXFileReference; lastKnownFileType = image.png; path = MindBodySpirit.png; sourceTree = "<group>"; };
		3A5153111AC1CF5500DC290B /* MusicalPerformances.png */ = {isa = PBXFileReference; lastKnownFileType = image.png; path = MusicalPerformances.png; sourceTree = "<group>"; };
		3A5153121AC1CF5500DC290B /* OutdoorsAndAdventure.png */ = {isa = PBXFileReference; lastKnownFileType = image.png; path = OutdoorsAndAdventure.png; sourceTree = "<group>"; };
		3A5153131AC1CF5500DC290B /* Party.png */ = {isa = PBXFileReference; lastKnownFileType = image.png; path = Party.png; sourceTree = "<group>"; };
		3A5153141AC1CF5500DC290B /* SportingEvents.png */ = {isa = PBXFileReference; lastKnownFileType = image.png; path = SportingEvents.png; sourceTree = "<group>"; };
		3A5153151AC1CF5500DC290B /* Technology.png */ = {isa = PBXFileReference; lastKnownFileType = image.png; path = Technology.png; sourceTree = "<group>"; };
		3A68FB911AFA7FEB003C7438 /* YALSunnyRefreshControl.h */ = {isa = PBXFileReference; fileEncoding = 4; lastKnownFileType = sourcecode.c.h; path = YALSunnyRefreshControl.h; sourceTree = "<group>"; };
		3A68FB921AFA7FEB003C7438 /* YALSunnyRefreshControl.m */ = {isa = PBXFileReference; fileEncoding = 4; lastKnownFileType = sourcecode.c.objc; path = YALSunnyRefreshControl.m; sourceTree = "<group>"; };
		3A68FB931AFA7FEB003C7438 /* YALSunnyRefreshControl.xib */ = {isa = PBXFileReference; fileEncoding = 4; lastKnownFileType = file.xib; path = YALSunnyRefreshControl.xib; sourceTree = "<group>"; };
		3A68FB981AFA80D2003C7438 /* buildings.png */ = {isa = PBXFileReference; lastKnownFileType = image.png; path = buildings.png; sourceTree = "<group>"; };
		3A68FB991AFA80D2003C7438 /* buildings@2x.png */ = {isa = PBXFileReference; lastKnownFileType = image.png; path = "buildings@2x.png"; sourceTree = "<group>"; };
		3A68FB9A1AFA80D2003C7438 /* buildings@3x.png */ = {isa = PBXFileReference; lastKnownFileType = image.png; path = "buildings@3x.png"; sourceTree = "<group>"; };
		3A68FB9B1AFA80D2003C7438 /* Contents.json */ = {isa = PBXFileReference; fileEncoding = 4; lastKnownFileType = text.json; path = Contents.json; sourceTree = "<group>"; };
		3A68FB9D1AFA80D2003C7438 /* Contents.json */ = {isa = PBXFileReference; fileEncoding = 4; lastKnownFileType = text.json; path = Contents.json; sourceTree = "<group>"; };
		3A68FB9E1AFA80D2003C7438 /* icn_1.png */ = {isa = PBXFileReference; lastKnownFileType = image.png; path = icn_1.png; sourceTree = "<group>"; };
		3A68FB9F1AFA80D2003C7438 /* icn_1@2x.png */ = {isa = PBXFileReference; lastKnownFileType = image.png; path = "icn_1@2x.png"; sourceTree = "<group>"; };
		3A68FBA01AFA80D2003C7438 /* icn_1@3x.png */ = {isa = PBXFileReference; lastKnownFileType = image.png; path = "icn_1@3x.png"; sourceTree = "<group>"; };
		3A68FBA21AFA80D2003C7438 /* Contents.json */ = {isa = PBXFileReference; fileEncoding = 4; lastKnownFileType = text.json; path = Contents.json; sourceTree = "<group>"; };
		3A68FBA31AFA80D2003C7438 /* icn_2.png */ = {isa = PBXFileReference; lastKnownFileType = image.png; path = icn_2.png; sourceTree = "<group>"; };
		3A68FBA41AFA80D2003C7438 /* icn_2@2x.png */ = {isa = PBXFileReference; lastKnownFileType = image.png; path = "icn_2@2x.png"; sourceTree = "<group>"; };
		3A68FBA51AFA80D2003C7438 /* icn_2@3x.png */ = {isa = PBXFileReference; lastKnownFileType = image.png; path = "icn_2@3x.png"; sourceTree = "<group>"; };
		3A68FBA71AFA80D2003C7438 /* Contents.json */ = {isa = PBXFileReference; fileEncoding = 4; lastKnownFileType = text.json; path = Contents.json; sourceTree = "<group>"; };
		3A68FBA81AFA80D2003C7438 /* icn_3.png */ = {isa = PBXFileReference; lastKnownFileType = image.png; path = icn_3.png; sourceTree = "<group>"; };
		3A68FBA91AFA80D2003C7438 /* icn_3@2x.png */ = {isa = PBXFileReference; lastKnownFileType = image.png; path = "icn_3@2x.png"; sourceTree = "<group>"; };
		3A68FBAA1AFA80D2003C7438 /* icn_3@3x.png */ = {isa = PBXFileReference; lastKnownFileType = image.png; path = "icn_3@3x.png"; sourceTree = "<group>"; };
		3A68FBAC1AFA80D2003C7438 /* Contents.json */ = {isa = PBXFileReference; fileEncoding = 4; lastKnownFileType = text.json; path = Contents.json; sourceTree = "<group>"; };
		3A68FBAD1AFA80D2003C7438 /* sky.png */ = {isa = PBXFileReference; lastKnownFileType = image.png; path = sky.png; sourceTree = "<group>"; };
		3A68FBAE1AFA80D2003C7438 /* sky@2x.png */ = {isa = PBXFileReference; lastKnownFileType = image.png; path = "sky@2x.png"; sourceTree = "<group>"; };
		3A68FBAF1AFA80D2003C7438 /* sky@3x.png */ = {isa = PBXFileReference; lastKnownFileType = image.png; path = "sky@3x.png"; sourceTree = "<group>"; };
		3A68FBB11AFA80D2003C7438 /* Contents.json */ = {isa = PBXFileReference; fileEncoding = 4; lastKnownFileType = text.json; path = Contents.json; sourceTree = "<group>"; };
		3A68FBB21AFA80D2003C7438 /* sun.png */ = {isa = PBXFileReference; lastKnownFileType = image.png; path = sun.png; sourceTree = "<group>"; };
		3A68FBB31AFA80D2003C7438 /* sun@2x.png */ = {isa = PBXFileReference; lastKnownFileType = image.png; path = "sun@2x.png"; sourceTree = "<group>"; };
		3A68FBB41AFA80D2003C7438 /* sun@3x.png */ = {isa = PBXFileReference; lastKnownFileType = image.png; path = "sun@3x.png"; sourceTree = "<group>"; };
		3A8FCBF01AFBCB3E00AC32AE /* DictionaryExtension.swift */ = {isa = PBXFileReference; fileEncoding = 4; lastKnownFileType = sourcecode.swift; path = DictionaryExtension.swift; sourceTree = "<group>"; };
		3AB859E71AF91F2F00D79F6A /* json.swift */ = {isa = PBXFileReference; fileEncoding = 4; lastKnownFileType = sourcecode.swift; path = json.swift; sourceTree = "<group>"; };
		3AB859EA1AF92E5A00D79F6A /* CategoryTableViewCell.swift */ = {isa = PBXFileReference; fileEncoding = 4; lastKnownFileType = sourcecode.swift; path = CategoryTableViewCell.swift; sourceTree = "<group>"; };
		3AB859ED1AF93DFF00D79F6A /* CategoryListViewController.swift */ = {isa = PBXFileReference; fileEncoding = 4; lastKnownFileType = sourcecode.swift; path = CategoryListViewController.swift; sourceTree = "<group>"; };
		3ABD294E1AB5FFB60022CE9E /* EventTableViewCell.swift */ = {isa = PBXFileReference; fileEncoding = 4; lastKnownFileType = sourcecode.swift; path = EventTableViewCell.swift; sourceTree = "<group>"; };
		3ABD29511AB6148E0022CE9E /* APIManager.swift */ = {isa = PBXFileReference; fileEncoding = 4; lastKnownFileType = sourcecode.swift; path = APIManager.swift; sourceTree = "<group>"; };
		3ABD29541AB73A4D0022CE9E /* constants.swift */ = {isa = PBXFileReference; fileEncoding = 4; lastKnownFileType = sourcecode.swift; name = constants.swift; path = ../constants.swift; sourceTree = "<group>"; };
		3AC9EDA71AC465F3005F5ADB /* EventCategory.swift */ = {isa = PBXFileReference; fileEncoding = 4; lastKnownFileType = sourcecode.swift; path = EventCategory.swift; sourceTree = "<group>"; };
		3AC9EDAC1AC5B656005F5ADB /* addBorder.swift */ = {isa = PBXFileReference; fileEncoding = 4; lastKnownFileType = sourcecode.swift; path = addBorder.swift; sourceTree = "<group>"; };
		3AD1716F1AF2AB4C00523A5D /* debounce.swift */ = {isa = PBXFileReference; fileEncoding = 4; lastKnownFileType = sourcecode.swift; path = debounce.swift; sourceTree = "<group>"; };
		3ADC50DB1AC31AE400545255 /* EventDetailViewController.swift */ = {isa = PBXFileReference; fileEncoding = 4; lastKnownFileType = sourcecode.swift; name = EventDetailViewController.swift; path = ../EventDetailViewController.swift; sourceTree = "<group>"; };
		3ADC50E31AC31F2300545255 /* NSDateExtension.swift */ = {isa = PBXFileReference; fileEncoding = 4; lastKnownFileType = sourcecode.swift; path = NSDateExtension.swift; sourceTree = "<group>"; };
		3ADC50E61AC3495800545255 /* ColorManager.swift */ = {isa = PBXFileReference; fileEncoding = 4; lastKnownFileType = sourcecode.swift; path = ColorManager.swift; sourceTree = "<group>"; };
		3AE26A201AC1E0A7001432E1 /* Location@1x.png */ = {isa = PBXFileReference; lastKnownFileType = image.png; path = "Location@1x.png"; sourceTree = "<group>"; };
		3AE26A211AC1E0A7001432E1 /* Location@2x.png */ = {isa = PBXFileReference; lastKnownFileType = image.png; path = "Location@2x.png"; sourceTree = "<group>"; };
		3AE26A221AC1E0A7001432E1 /* Location@3x.png */ = {isa = PBXFileReference; lastKnownFileType = image.png; path = "Location@3x.png"; sourceTree = "<group>"; };
		3AEB790E1B2F4C86005F4C32 /* B.png */ = {isa = PBXFileReference; lastKnownFileType = image.png; path = B.png; sourceTree = "<group>"; };
		3AEB790F1B2F4C86005F4C32 /* B@2x.png */ = {isa = PBXFileReference; lastKnownFileType = image.png; path = "B@2x.png"; sourceTree = "<group>"; };
		3AEB79101B2F4C86005F4C32 /* B@3x.png */ = {isa = PBXFileReference; lastKnownFileType = image.png; path = "B@3x.png"; sourceTree = "<group>"; };
		8F0EA92544ED70729F437F9B /* Pods.debug.xcconfig */ = {isa = PBXFileReference; includeInIndex = 1; lastKnownFileType = text.xcconfig; name = Pods.debug.xcconfig; path = "Pods/Target Support Files/Pods/Pods.debug.xcconfig"; sourceTree = "<group>"; };
/* End PBXFileReference section */

/* Begin PBXFrameworksBuildPhase section */
		3A20C38C1AAF7CB40055BBF4 /* Frameworks */ = {
			isa = PBXFrameworksBuildPhase;
			buildActionMask = 2147483647;
			files = (
				E7C0CFADC39AEB645A4796D6 /* libPods.a in Frameworks */,
			);
			runOnlyForDeploymentPostprocessing = 0;
		};
		3A20C3A31AAF7CB40055BBF4 /* Frameworks */ = {
			isa = PBXFrameworksBuildPhase;
			buildActionMask = 2147483647;
			files = (
			);
			runOnlyForDeploymentPostprocessing = 0;
		};
/* End PBXFrameworksBuildPhase section */

/* Begin PBXGroup section */
		3A20C3861AAF7CB40055BBF4 = {
			isa = PBXGroup;
			children = (
				3A0C31BF1B4592AA00C9D373 /* Default-568h@2x.png */,
				3A20C3911AAF7CB40055BBF4 /* motified */,
				3A20C3A91AAF7CB40055BBF4 /* motifiedTests */,
				3A20C3901AAF7CB40055BBF4 /* Products */,
				93FA1E9327387CF9AD5F7972 /* Pods */,
				51E0188D2114F2C1CF1B1A8B /* Frameworks */,
			);
			sourceTree = "<group>";
		};
		3A20C3901AAF7CB40055BBF4 /* Products */ = {
			isa = PBXGroup;
			children = (
				3A20C38F1AAF7CB40055BBF4 /* motified.app */,
				3A20C3A61AAF7CB40055BBF4 /* motifiedTests.xctest */,
			);
			name = Products;
			sourceTree = "<group>";
		};
		3A20C3911AAF7CB40055BBF4 /* motified */ = {
			isa = PBXGroup;
			children = (
				3A68FB901AFA7FEB003C7438 /* YALSunnyRefreshControll */,
				3ADC50E01AC31B4A00545255 /* Managers */,
				3ADC50DF1AC31B2700545255 /* Util */,
				3ADC50DE1AC31AF800545255 /* Events */,
				3ADC50E11AC31B6D00545255 /* Categories */,
				3A20C39A1AAF7CB40055BBF4 /* Main.storyboard */,
				3A20C39D1AAF7CB40055BBF4 /* Images.xcassets */,
				3A68FB961AFA80D2003C7438 /* YALSunnyImageSet */,
				3A20C3EC1AAF7F290055BBF4 /* images */,
				3A20C3921AAF7CB40055BBF4 /* Supporting Files */,
				3ADC50E21AC31C3300545255 /* Main */,
			);
			path = motified;
			sourceTree = "<group>";
		};
		3A20C3921AAF7CB40055BBF4 /* Supporting Files */ = {
			isa = PBXGroup;
			children = (
				3A20C3931AAF7CB40055BBF4 /* Info.plist */,
			);
			name = "Supporting Files";
			sourceTree = "<group>";
		};
		3A20C3A91AAF7CB40055BBF4 /* motifiedTests */ = {
			isa = PBXGroup;
			children = (
				3A20C3AC1AAF7CB40055BBF4 /* motifiedTests.swift */,
				3A20C3AA1AAF7CB40055BBF4 /* Supporting Files */,
			);
			path = motifiedTests;
			sourceTree = "<group>";
		};
		3A20C3AA1AAF7CB40055BBF4 /* Supporting Files */ = {
			isa = PBXGroup;
			children = (
				3A20C3AB1AAF7CB40055BBF4 /* Info.plist */,
			);
			name = "Supporting Files";
			sourceTree = "<group>";
		};
		3A20C3EC1AAF7F290055BBF4 /* images */ = {
			isa = PBXGroup;
			children = (
				3AC9EDA91AC46801005F5ADB /* Icons */,
				3AC9EDAA1AC46820005F5ADB /* Categories */,
			);
			name = images;
			sourceTree = "<group>";
		};
		3A68FB901AFA7FEB003C7438 /* YALSunnyRefreshControll */ = {
			isa = PBXGroup;
			children = (
				3A68FB911AFA7FEB003C7438 /* YALSunnyRefreshControl.h */,
				3A68FB921AFA7FEB003C7438 /* YALSunnyRefreshControl.m */,
				3A68FB931AFA7FEB003C7438 /* YALSunnyRefreshControl.xib */,
			);
			path = YALSunnyRefreshControll;
			sourceTree = "<group>";
		};
		3A68FB961AFA80D2003C7438 /* YALSunnyImageSet */ = {
			isa = PBXGroup;
			children = (
				3A68FB971AFA80D2003C7438 /* buildings.imageset */,
				3A68FB9C1AFA80D2003C7438 /* icn_1.imageset */,
				3A68FBA11AFA80D2003C7438 /* icn_2.imageset */,
				3A68FBA61AFA80D2003C7438 /* icn_3.imageset */,
				3A68FBAB1AFA80D2003C7438 /* sky.imageset */,
				3A68FBB01AFA80D2003C7438 /* sun.imageset */,
			);
			path = YALSunnyImageSet;
			sourceTree = "<group>";
		};
		3A68FB971AFA80D2003C7438 /* buildings.imageset */ = {
			isa = PBXGroup;
			children = (
				3A68FB981AFA80D2003C7438 /* buildings.png */,
				3A68FB991AFA80D2003C7438 /* buildings@2x.png */,
				3A68FB9A1AFA80D2003C7438 /* buildings@3x.png */,
				3A68FB9B1AFA80D2003C7438 /* Contents.json */,
			);
			path = buildings.imageset;
			sourceTree = "<group>";
		};
		3A68FB9C1AFA80D2003C7438 /* icn_1.imageset */ = {
			isa = PBXGroup;
			children = (
				3A68FB9D1AFA80D2003C7438 /* Contents.json */,
				3A68FB9E1AFA80D2003C7438 /* icn_1.png */,
				3A68FB9F1AFA80D2003C7438 /* icn_1@2x.png */,
				3A68FBA01AFA80D2003C7438 /* icn_1@3x.png */,
			);
			path = icn_1.imageset;
			sourceTree = "<group>";
		};
		3A68FBA11AFA80D2003C7438 /* icn_2.imageset */ = {
			isa = PBXGroup;
			children = (
				3A68FBA21AFA80D2003C7438 /* Contents.json */,
				3A68FBA31AFA80D2003C7438 /* icn_2.png */,
				3A68FBA41AFA80D2003C7438 /* icn_2@2x.png */,
				3A68FBA51AFA80D2003C7438 /* icn_2@3x.png */,
			);
			path = icn_2.imageset;
			sourceTree = "<group>";
		};
		3A68FBA61AFA80D2003C7438 /* icn_3.imageset */ = {
			isa = PBXGroup;
			children = (
				3A68FBA71AFA80D2003C7438 /* Contents.json */,
				3A68FBA81AFA80D2003C7438 /* icn_3.png */,
				3A68FBA91AFA80D2003C7438 /* icn_3@2x.png */,
				3A68FBAA1AFA80D2003C7438 /* icn_3@3x.png */,
			);
			path = icn_3.imageset;
			sourceTree = "<group>";
		};
		3A68FBAB1AFA80D2003C7438 /* sky.imageset */ = {
			isa = PBXGroup;
			children = (
				3A68FBAC1AFA80D2003C7438 /* Contents.json */,
				3A68FBAD1AFA80D2003C7438 /* sky.png */,
				3A68FBAE1AFA80D2003C7438 /* sky@2x.png */,
				3A68FBAF1AFA80D2003C7438 /* sky@3x.png */,
			);
			path = sky.imageset;
			sourceTree = "<group>";
		};
		3A68FBB01AFA80D2003C7438 /* sun.imageset */ = {
			isa = PBXGroup;
			children = (
				3A68FBB11AFA80D2003C7438 /* Contents.json */,
				3A68FBB21AFA80D2003C7438 /* sun.png */,
				3A68FBB31AFA80D2003C7438 /* sun@2x.png */,
				3A68FBB41AFA80D2003C7438 /* sun@3x.png */,
			);
			path = sun.imageset;
			sourceTree = "<group>";
		};
		3AC9EDA91AC46801005F5ADB /* Icons */ = {
			isa = PBXGroup;
			children = (
				3AEB790E1B2F4C86005F4C32 /* B.png */,
				3AEB790F1B2F4C86005F4C32 /* B@2x.png */,
				3AEB79101B2F4C86005F4C32 /* B@3x.png */,
				3A5152FD1AB8A2B700DC290B /* arrow-left@3x.png */,
				3A5152FE1AB8A2B700DC290B /* arrow-left@2x.png */,
				3A5152FF1AB8A2B700DC290B /* arrow-left@1x.png */,
				3A5152F11AB88D2200DC290B /* check@3x.png */,
				3A5152F21AB88D2200DC290B /* check@2x.png */,
				3A5152F31AB88D2200DC290B /* check@1x.png */,
				3AE26A201AC1E0A7001432E1 /* Location@1x.png */,
				3AE26A211AC1E0A7001432E1 /* Location@2x.png */,
				3AE26A221AC1E0A7001432E1 /* Location@3x.png */,
			);
			name = Icons;
			sourceTree = "<group>";
		};
		3AC9EDAA1AC46820005F5ADB /* Categories */ = {
			isa = PBXGroup;
			children = (
				3A5153091AC1CF5500DC290B /* ArtAndDesign.png */,
				3A51530A1AC1CF5500DC290B /* Campus.png */,
				3A51530B1AC1CF5500DC290B /* Environmental.png */,
				3A51530C1AC1CF5500DC290B /* Film.png */,
				3A51530D1AC1CF5500DC290B /* Food.png */,
				3A51530E1AC1CF5500DC290B /* Lectures.png */,
				3A51530F1AC1CF5500DC290B /* LivePerformances.png */,
				3A5153101AC1CF5500DC290B /* MindBodySpirit.png */,
				3A5153111AC1CF5500DC290B /* MusicalPerformances.png */,
				3A5153121AC1CF5500DC290B /* OutdoorsAndAdventure.png */,
				3A5153131AC1CF5500DC290B /* Party.png */,
				3A5153141AC1CF5500DC290B /* SportingEvents.png */,
				3A5153151AC1CF5500DC290B /* Technology.png */,
			);
			name = Categories;
			sourceTree = "<group>";
		};
		3ADC50DE1AC31AF800545255 /* Events */ = {
			isa = PBXGroup;
			children = (
				3A20C3EE1AAF80450055BBF4 /* Event.swift */,
				3A5153061ABC802D00DC290B /* LocationPickerViewController.swift */,
				3A20C3961AAF7CB40055BBF4 /* EventFeedViewController.swift */,
				3ABD294E1AB5FFB60022CE9E /* EventTableViewCell.swift */,
				3A5152E81AB7BE4700DC290B /* CreateEventViewController.swift */,
				3ADC50DB1AC31AE400545255 /* EventDetailViewController.swift */,
			);
			name = Events;
			sourceTree = "<group>";
		};
		3ADC50DF1AC31B2700545255 /* Util */ = {
			isa = PBXGroup;
			children = (
				3A8FCBF01AFBCB3E00AC32AE /* DictionaryExtension.swift */,
				3AD1716F1AF2AB4C00523A5D /* debounce.swift */,
				3AB859E71AF91F2F00D79F6A /* json.swift */,
				3AC9EDAC1AC5B656005F5ADB /* addBorder.swift */,
				3ADC50E31AC31F2300545255 /* NSDateExtension.swift */,
				3A20C4131AB49C620055BBF4 /* UserPreferenceManager.swift */,
				3A20C3ED1AAF80060055BBF4 /* BridgingHeader.h */,
				3A20C4171AB4A6960055BBF4 /* delay.swift */,
				3A20C4111AB49AAD0055BBF4 /* BMInputBox.swift */,
				3A5152EB1AB871A500DC290B /* MotifiedDateFormatter.swift */,
				3ABD29541AB73A4D0022CE9E /* constants.swift */,
			);
			name = Util;
			sourceTree = "<group>";
		};
		3ADC50E01AC31B4A00545255 /* Managers */ = {
			isa = PBXGroup;
			children = (
				3ADC50E61AC3495800545255 /* ColorManager.swift */,
				3A20C3F01AAF805C0055BBF4 /* LoginManager.swift */,
				3ABD29511AB6148E0022CE9E /* APIManager.swift */,
			);
			name = Managers;
			sourceTree = "<group>";
		};
		3ADC50E11AC31B6D00545255 /* Categories */ = {
			isa = PBXGroup;
			children = (
				3AB859ED1AF93DFF00D79F6A /* CategoryListViewController.swift */,
				3AB859EA1AF92E5A00D79F6A /* CategoryTableViewCell.swift */,
				3AC9EDA71AC465F3005F5ADB /* EventCategory.swift */,
			);
			name = Categories;
			sourceTree = "<group>";
		};
		3ADC50E21AC31C3300545255 /* Main */ = {
			isa = PBXGroup;
			children = (
				3A20C3941AAF7CB40055BBF4 /* AppDelegate.swift */,
				3A20C41A1AB4AC670055BBF4 /* AuthManagingViewController.swift */,
				3A20C3981AAF7CB40055BBF4 /* UserProfileViewController.swift */,
				3A20C3F21AAF8C5F0055BBF4 /* MainViewController.swift */,
				3A20C3F41AAF8C850055BBF4 /* MainTabBar.swift */,
			);
			name = Main;
			sourceTree = "<group>";
		};
		51E0188D2114F2C1CF1B1A8B /* Frameworks */ = {
			isa = PBXGroup;
			children = (
				374DD4637BE32A706382ACFA /* libPods.a */,
			);
			name = Frameworks;
			sourceTree = "<group>";
		};
		93FA1E9327387CF9AD5F7972 /* Pods */ = {
			isa = PBXGroup;
			children = (
				8F0EA92544ED70729F437F9B /* Pods.debug.xcconfig */,
				2387A0DB163D8F90DAEF6FA5 /* Pods.release.xcconfig */,
			);
			name = Pods;
			sourceTree = "<group>";
		};
/* End PBXGroup section */

/* Begin PBXNativeTarget section */
		3A20C38E1AAF7CB40055BBF4 /* motified */ = {
			isa = PBXNativeTarget;
			buildConfigurationList = 3A20C3B01AAF7CB40055BBF4 /* Build configuration list for PBXNativeTarget "motified" */;
			buildPhases = (
				111A46DEDBDE1053CEDEAF56 /* Check Pods Manifest.lock */,
				3A20C38B1AAF7CB40055BBF4 /* Sources */,
				3A20C38C1AAF7CB40055BBF4 /* Frameworks */,
				3A20C38D1AAF7CB40055BBF4 /* Resources */,
				63359681015055BF4D523970 /* Copy Pods Resources */,
			);
			buildRules = (
			);
			dependencies = (
			);
			name = motified;
			productName = motified;
			productReference = 3A20C38F1AAF7CB40055BBF4 /* motified.app */;
			productType = "com.apple.product-type.application";
		};
		3A20C3A51AAF7CB40055BBF4 /* motifiedTests */ = {
			isa = PBXNativeTarget;
			buildConfigurationList = 3A20C3B31AAF7CB40055BBF4 /* Build configuration list for PBXNativeTarget "motifiedTests" */;
			buildPhases = (
				3A20C3A21AAF7CB40055BBF4 /* Sources */,
				3A20C3A31AAF7CB40055BBF4 /* Frameworks */,
				3A20C3A41AAF7CB40055BBF4 /* Resources */,
			);
			buildRules = (
			);
			dependencies = (
				3A20C3A81AAF7CB40055BBF4 /* PBXTargetDependency */,
			);
			name = motifiedTests;
			productName = motifiedTests;
			productReference = 3A20C3A61AAF7CB40055BBF4 /* motifiedTests.xctest */;
			productType = "com.apple.product-type.bundle.unit-test";
		};
/* End PBXNativeTarget section */

/* Begin PBXProject section */
		3A20C3871AAF7CB40055BBF4 /* Project object */ = {
			isa = PBXProject;
			attributes = {
				LastUpgradeCheck = 0600;
				ORGANIZATIONNAME = "Giancarlo Anemone";
				TargetAttributes = {
					3A20C38E1AAF7CB40055BBF4 = {
						CreatedOnToolsVersion = 6.0.1;
						DevelopmentTeam = YR7UDUU2K3;
					};
					3A20C3A51AAF7CB40055BBF4 = {
						CreatedOnToolsVersion = 6.0.1;
						TestTargetID = 3A20C38E1AAF7CB40055BBF4;
					};
				};
			};
			buildConfigurationList = 3A20C38A1AAF7CB40055BBF4 /* Build configuration list for PBXProject "motified" */;
			compatibilityVersion = "Xcode 3.2";
			developmentRegion = English;
			hasScannedForEncodings = 0;
			knownRegions = (
				en,
				Base,
			);
			mainGroup = 3A20C3861AAF7CB40055BBF4;
			productRefGroup = 3A20C3901AAF7CB40055BBF4 /* Products */;
			projectDirPath = "";
			projectRoot = "";
			targets = (
				3A20C38E1AAF7CB40055BBF4 /* motified */,
				3A20C3A51AAF7CB40055BBF4 /* motifiedTests */,
			);
		};
/* End PBXProject section */

/* Begin PBXResourcesBuildPhase section */
		3A20C38D1AAF7CB40055BBF4 /* Resources */ = {
			isa = PBXResourcesBuildPhase;
			buildActionMask = 2147483647;
			files = (
				3A68FBCA1AFA80D2003C7438 /* sun.png in Resources */,
				3A68FBC91AFA80D2003C7438 /* Contents.json in Resources */,
				3A51531E1AC1CF5500DC290B /* Food.png in Resources */,
				3A68FBB51AFA80D2003C7438 /* buildings.png in Resources */,
				3A5153181AC1CF5500DC290B /* Campus.png in Resources */,
				3A68FBB91AFA80D2003C7438 /* Contents.json in Resources */,
				3AE26A231AC1E0A7001432E1 /* Location@1x.png in Resources */,
				3A5153001AB8A2B700DC290B /* arrow-left@3x.png in Resources */,
				3A68FBC51AFA80D2003C7438 /* Contents.json in Resources */,
				3A68FBBA1AFA80D2003C7438 /* icn_1.png in Resources */,
				3A68FBB81AFA80D2003C7438 /* Contents.json in Resources */,
				3A68FBC61AFA80D2003C7438 /* sky.png in Resources */,
				3A68FBC71AFA80D2003C7438 /* sky@2x.png in Resources */,
				3A51531A1AC1CF5500DC290B /* Environmental.png in Resources */,
				3A5153041AB8A2B700DC290B /* arrow-left@1x.png in Resources */,
				3A68FBCB1AFA80D2003C7438 /* sun@2x.png in Resources */,
				3A68FB951AFA7FEB003C7438 /* YALSunnyRefreshControl.xib in Resources */,
				3A51532C1AC1CF5500DC290B /* SportingEvents.png in Resources */,
				3AEB79111B2F4C86005F4C32 /* B.png in Resources */,
				3A68FBC41AFA80D2003C7438 /* icn_3@3x.png in Resources */,
				3A20C39C1AAF7CB40055BBF4 /* Main.storyboard in Resources */,
				3A51532E1AC1CF5500DC290B /* Technology.png in Resources */,
				3AE26A251AC1E0A7001432E1 /* Location@2x.png in Resources */,
				3A68FBCC1AFA80D2003C7438 /* sun@3x.png in Resources */,
				3A5153021AB8A2B700DC290B /* arrow-left@2x.png in Resources */,
				3A51532A1AC1CF5500DC290B /* Party.png in Resources */,
				3A5152F81AB88D2200DC290B /* check@1x.png in Resources */,
				3A5153241AC1CF5500DC290B /* MindBodySpirit.png in Resources */,
				3A5153201AC1CF5500DC290B /* Lectures.png in Resources */,
				3A68FBC11AFA80D2003C7438 /* Contents.json in Resources */,
				3A68FBBD1AFA80D2003C7438 /* Contents.json in Resources */,
				3A68FBBC1AFA80D2003C7438 /* icn_1@3x.png in Resources */,
				3A5152F41AB88D2200DC290B /* check@3x.png in Resources */,
				3A68FBC21AFA80D2003C7438 /* icn_3.png in Resources */,
				3A51531C1AC1CF5500DC290B /* Film.png in Resources */,
				3A5153161AC1CF5500DC290B /* ArtAndDesign.png in Resources */,
				3AE26A271AC1E0A7001432E1 /* Location@3x.png in Resources */,
				3A20C39E1AAF7CB40055BBF4 /* Images.xcassets in Resources */,
				3A5153281AC1CF5500DC290B /* OutdoorsAndAdventure.png in Resources */,
				3A5153261AC1CF5500DC290B /* MusicalPerformances.png in Resources */,
				3A68FBC31AFA80D2003C7438 /* icn_3@2x.png in Resources */,
				3A5152F61AB88D2200DC290B /* check@2x.png in Resources */,
				3AEB79131B2F4C86005F4C32 /* B@3x.png in Resources */,
				3AEB79121B2F4C86005F4C32 /* B@2x.png in Resources */,
				3A68FBC01AFA80D2003C7438 /* icn_2@3x.png in Resources */,
				3A68FBB61AFA80D2003C7438 /* buildings@2x.png in Resources */,
				3A0C31C01B4592AA00C9D373 /* Default-568h@2x.png in Resources */,
				3A68FBBB1AFA80D2003C7438 /* icn_1@2x.png in Resources */,
				3A68FBB71AFA80D2003C7438 /* buildings@3x.png in Resources */,
				3A5153221AC1CF5500DC290B /* LivePerformances.png in Resources */,
				3A68FBC81AFA80D2003C7438 /* sky@3x.png in Resources */,
				3A68FBBE1AFA80D2003C7438 /* icn_2.png in Resources */,
				3A68FBBF1AFA80D2003C7438 /* icn_2@2x.png in Resources */,
			);
			runOnlyForDeploymentPostprocessing = 0;
		};
		3A20C3A41AAF7CB40055BBF4 /* Resources */ = {
			isa = PBXResourcesBuildPhase;
			buildActionMask = 2147483647;
			files = (
				3A5153051AB8A2B700DC290B /* arrow-left@1x.png in Resources */,
				3A5152F91AB88D2200DC290B /* check@1x.png in Resources */,
				3A51532B1AC1CF5500DC290B /* Party.png in Resources */,
				3A5153191AC1CF5500DC290B /* Campus.png in Resources */,
				3AE26A261AC1E0A7001432E1 /* Location@2x.png in Resources */,
				3A51531D1AC1CF5500DC290B /* Film.png in Resources */,
				3AE26A281AC1E0A7001432E1 /* Location@3x.png in Resources */,
				3A5153031AB8A2B700DC290B /* arrow-left@2x.png in Resources */,
				3A51531F1AC1CF5500DC290B /* Food.png in Resources */,
				3A5153251AC1CF5500DC290B /* MindBodySpirit.png in Resources */,
				3A51532D1AC1CF5500DC290B /* SportingEvents.png in Resources */,
				3A51531B1AC1CF5500DC290B /* Environmental.png in Resources */,
				3A51532F1AC1CF5500DC290B /* Technology.png in Resources */,
				3AE26A241AC1E0A7001432E1 /* Location@1x.png in Resources */,
				3A5153171AC1CF5500DC290B /* ArtAndDesign.png in Resources */,
				3A20C40D1AB0A0E30055BBF4 /* Main.storyboard in Resources */,
				3A5153211AC1CF5500DC290B /* Lectures.png in Resources */,
				3A5153271AC1CF5500DC290B /* MusicalPerformances.png in Resources */,
				3A5152F51AB88D2200DC290B /* check@3x.png in Resources */,
				3A5153011AB8A2B700DC290B /* arrow-left@3x.png in Resources */,
				3A5153291AC1CF5500DC290B /* OutdoorsAndAdventure.png in Resources */,
				3A5152F71AB88D2200DC290B /* check@2x.png in Resources */,
				3A5153231AC1CF5500DC290B /* LivePerformances.png in Resources */,
			);
			runOnlyForDeploymentPostprocessing = 0;
		};
/* End PBXResourcesBuildPhase section */

/* Begin PBXShellScriptBuildPhase section */
		111A46DEDBDE1053CEDEAF56 /* Check Pods Manifest.lock */ = {
			isa = PBXShellScriptBuildPhase;
			buildActionMask = 2147483647;
			files = (
			);
			inputPaths = (
			);
			name = "Check Pods Manifest.lock";
			outputPaths = (
			);
			runOnlyForDeploymentPostprocessing = 0;
			shellPath = /bin/sh;
			shellScript = "diff \"${PODS_ROOT}/../Podfile.lock\" \"${PODS_ROOT}/Manifest.lock\" > /dev/null\nif [[ $? != 0 ]] ; then\n    cat << EOM\nerror: The sandbox is not in sync with the Podfile.lock. Run 'pod install' or update your CocoaPods installation.\nEOM\n    exit 1\nfi\n";
			showEnvVarsInLog = 0;
		};
		63359681015055BF4D523970 /* Copy Pods Resources */ = {
			isa = PBXShellScriptBuildPhase;
			buildActionMask = 2147483647;
			files = (
			);
			inputPaths = (
			);
			name = "Copy Pods Resources";
			outputPaths = (
			);
			runOnlyForDeploymentPostprocessing = 0;
			shellPath = /bin/sh;
			shellScript = "\"${SRCROOT}/Pods/Target Support Files/Pods/Pods-resources.sh\"\n";
			showEnvVarsInLog = 0;
		};
/* End PBXShellScriptBuildPhase section */

/* Begin PBXSourcesBuildPhase section */
		3A20C38B1AAF7CB40055BBF4 /* Sources */ = {
			isa = PBXSourcesBuildPhase;
			buildActionMask = 2147483647;
			files = (
				3AC9EDAD1AC5B656005F5ADB /* addBorder.swift in Sources */,
				3ABD294F1AB5FFB60022CE9E /* EventTableViewCell.swift in Sources */,
				3A20C3F11AAF805C0055BBF4 /* LoginManager.swift in Sources */,
				3A20C3EF1AAF80450055BBF4 /* Event.swift in Sources */,
				3ABD29551AB73A4D0022CE9E /* constants.swift in Sources */,
				3A20C3F51AAF8C850055BBF4 /* MainTabBar.swift in Sources */,
				3ADC50DC1AC31AE400545255 /* EventDetailViewController.swift in Sources */,
				3AB859EE1AF93DFF00D79F6A /* CategoryListViewController.swift in Sources */,
				3A20C4181AB4A6960055BBF4 /* delay.swift in Sources */,
				3ADC50E41AC31F2300545255 /* NSDateExtension.swift in Sources */,
				3A20C4121AB49AAD0055BBF4 /* BMInputBox.swift in Sources */,
				3A20C3991AAF7CB40055BBF4 /* UserProfileViewController.swift in Sources */,
				3A20C3F31AAF8C5F0055BBF4 /* MainViewController.swift in Sources */,
				3A5153071ABC802D00DC290B /* LocationPickerViewController.swift in Sources */,
				3AC9EDA81AC465F3005F5ADB /* EventCategory.swift in Sources */,
				3A20C3951AAF7CB40055BBF4 /* AppDelegate.swift in Sources */,
				3ADC50E71AC3495800545255 /* ColorManager.swift in Sources */,
				3A5152E91AB7BE4700DC290B /* CreateEventViewController.swift in Sources */,
				3AD171701AF2AB4C00523A5D /* debounce.swift in Sources */,
				3A8FCBF11AFBCB3E00AC32AE /* DictionaryExtension.swift in Sources */,
				3A20C41B1AB4AC670055BBF4 /* AuthManagingViewController.swift in Sources */,
				3A68FB941AFA7FEB003C7438 /* YALSunnyRefreshControl.m in Sources */,
				3AB859E81AF91F2F00D79F6A /* json.swift in Sources */,
				3ABD29521AB6148E0022CE9E /* APIManager.swift in Sources */,
				3A20C3971AAF7CB40055BBF4 /* EventFeedViewController.swift in Sources */,
				3A20C4141AB49C620055BBF4 /* UserPreferenceManager.swift in Sources */,
				3A5152EC1AB871A500DC290B /* MotifiedDateFormatter.swift in Sources */,
				3AB859EB1AF92E5A00D79F6A /* CategoryTableViewCell.swift in Sources */,
			);
			runOnlyForDeploymentPostprocessing = 0;
		};
		3A20C3A21AAF7CB40055BBF4 /* Sources */ = {
			isa = PBXSourcesBuildPhase;
			buildActionMask = 2147483647;
			files = (
				3AC9EDAB1AC46CA9005F5ADB /* EventCategory.swift in Sources */,
				3AC9EDAE1AC5B656005F5ADB /* addBorder.swift in Sources */,
				3A20C41C1AB4AC670055BBF4 /* AuthManagingViewController.swift in Sources */,
				3A20C4191AB4A6960055BBF4 /* delay.swift in Sources */,
				3A20C40F1AB0A0EA0055BBF4 /* MainViewController.swift in Sources */,
				3A20C40A1AB0A0D70055BBF4 /* AppDelegate.swift in Sources */,
				3ABD29501AB5FFB60022CE9E /* EventTableViewCell.swift in Sources */,
				3AB859EF1AF93DFF00D79F6A /* CategoryListViewController.swift in Sources */,
				3ADC50DD1AC31AE400545255 /* EventDetailViewController.swift in Sources */,
				3A20C40C1AB0A0DD0055BBF4 /* UserProfileViewController.swift in Sources */,
				3ABD29531AB6148E0022CE9E /* APIManager.swift in Sources */,
				3ADC50E51AC31F2300545255 /* NSDateExtension.swift in Sources */,
				3A20C40B1AB0A0DB0055BBF4 /* EventFeedViewController.swift in Sources */,
				3ABD29561AB73A4D0022CE9E /* constants.swift in Sources */,
				3A20C4101AB0A0ED0055BBF4 /* MainTabBar.swift in Sources */,
				3A5153081ABC802D00DC290B /* LocationPickerViewController.swift in Sources */,
				3A20C4161AB4A1F90055BBF4 /* UserPreferenceManager.swift in Sources */,
				3ADC50E81AC3495800545255 /* ColorManager.swift in Sources */,
				3A5152EA1AB7BE4700DC290B /* CreateEventViewController.swift in Sources */,
				3A8FCBF21AFBCB3E00AC32AE /* DictionaryExtension.swift in Sources */,
				3AD171711AF2AB4C00523A5D /* debounce.swift in Sources */,
				3A20C3AD1AAF7CB40055BBF4 /* motifiedTests.swift in Sources */,
				3AB859E91AF920B100D79F6A /* json.swift in Sources */,
				3A20C4091AB0A0CF0055BBF4 /* Event.swift in Sources */,
				3A20C4151AB4A1170055BBF4 /* BMInputBox.swift in Sources */,
				3A20C4081AB0A0CD0055BBF4 /* LoginManager.swift in Sources */,
				3A5152ED1AB871A500DC290B /* MotifiedDateFormatter.swift in Sources */,
				3AB859EC1AF92E5A00D79F6A /* CategoryTableViewCell.swift in Sources */,
			);
			runOnlyForDeploymentPostprocessing = 0;
		};
/* End PBXSourcesBuildPhase section */

/* Begin PBXTargetDependency section */
		3A20C3A81AAF7CB40055BBF4 /* PBXTargetDependency */ = {
			isa = PBXTargetDependency;
			target = 3A20C38E1AAF7CB40055BBF4 /* motified */;
			targetProxy = 3A20C3A71AAF7CB40055BBF4 /* PBXContainerItemProxy */;
		};
/* End PBXTargetDependency section */

/* Begin PBXVariantGroup section */
		3A20C39A1AAF7CB40055BBF4 /* Main.storyboard */ = {
			isa = PBXVariantGroup;
			children = (
				3A20C39B1AAF7CB40055BBF4 /* Base */,
			);
			name = Main.storyboard;
			sourceTree = "<group>";
		};
/* End PBXVariantGroup section */

/* Begin XCBuildConfiguration section */
		3A20C3AE1AAF7CB40055BBF4 /* Debug */ = {
			isa = XCBuildConfiguration;
			buildSettings = {
				ALWAYS_SEARCH_USER_PATHS = NO;
				CLANG_CXX_LANGUAGE_STANDARD = "gnu++0x";
				CLANG_CXX_LIBRARY = "libc++";
				CLANG_ENABLE_MODULES = YES;
				CLANG_ENABLE_OBJC_ARC = YES;
				CLANG_WARN_BOOL_CONVERSION = YES;
				CLANG_WARN_CONSTANT_CONVERSION = YES;
				CLANG_WARN_DIRECT_OBJC_ISA_USAGE = YES_ERROR;
				CLANG_WARN_EMPTY_BODY = YES;
				CLANG_WARN_ENUM_CONVERSION = YES;
				CLANG_WARN_INT_CONVERSION = YES;
				CLANG_WARN_OBJC_ROOT_CLASS = YES_ERROR;
				CLANG_WARN_UNREACHABLE_CODE = YES;
				CLANG_WARN__DUPLICATE_METHOD_MATCH = YES;
				"CODE_SIGN_IDENTITY[sdk=iphoneos*]" = "iPhone Developer";
				COPY_PHASE_STRIP = NO;
				ENABLE_STRICT_OBJC_MSGSEND = YES;
				GCC_C_LANGUAGE_STANDARD = gnu99;
				GCC_DYNAMIC_NO_PIC = NO;
				GCC_OPTIMIZATION_LEVEL = 0;
				GCC_PREPROCESSOR_DEFINITIONS = (
					"DEBUG=1",
					"$(inherited)",
				);
				GCC_SYMBOLS_PRIVATE_EXTERN = NO;
				GCC_WARN_64_TO_32_BIT_CONVERSION = YES;
				GCC_WARN_ABOUT_RETURN_TYPE = YES_ERROR;
				GCC_WARN_UNDECLARED_SELECTOR = YES;
				GCC_WARN_UNINITIALIZED_AUTOS = YES_AGGRESSIVE;
				GCC_WARN_UNUSED_FUNCTION = YES;
				GCC_WARN_UNUSED_VARIABLE = YES;
				IPHONEOS_DEPLOYMENT_TARGET = 8.0;
				MTL_ENABLE_DEBUG_INFO = YES;
				ONLY_ACTIVE_ARCH = YES;
				SDKROOT = iphoneos;
				SWIFT_OPTIMIZATION_LEVEL = "-Onone";
			};
			name = Debug;
		};
		3A20C3AF1AAF7CB40055BBF4 /* Release */ = {
			isa = XCBuildConfiguration;
			buildSettings = {
				ALWAYS_SEARCH_USER_PATHS = NO;
				CLANG_CXX_LANGUAGE_STANDARD = "gnu++0x";
				CLANG_CXX_LIBRARY = "libc++";
				CLANG_ENABLE_MODULES = YES;
				CLANG_ENABLE_OBJC_ARC = YES;
				CLANG_WARN_BOOL_CONVERSION = YES;
				CLANG_WARN_CONSTANT_CONVERSION = YES;
				CLANG_WARN_DIRECT_OBJC_ISA_USAGE = YES_ERROR;
				CLANG_WARN_EMPTY_BODY = YES;
				CLANG_WARN_ENUM_CONVERSION = YES;
				CLANG_WARN_INT_CONVERSION = YES;
				CLANG_WARN_OBJC_ROOT_CLASS = YES_ERROR;
				CLANG_WARN_UNREACHABLE_CODE = YES;
				CLANG_WARN__DUPLICATE_METHOD_MATCH = YES;
				"CODE_SIGN_IDENTITY[sdk=iphoneos*]" = "iPhone Distribution";
				COPY_PHASE_STRIP = YES;
				ENABLE_NS_ASSERTIONS = NO;
				ENABLE_STRICT_OBJC_MSGSEND = YES;
				GCC_C_LANGUAGE_STANDARD = gnu99;
				GCC_WARN_64_TO_32_BIT_CONVERSION = YES;
				GCC_WARN_ABOUT_RETURN_TYPE = YES_ERROR;
				GCC_WARN_UNDECLARED_SELECTOR = YES;
				GCC_WARN_UNINITIALIZED_AUTOS = YES_AGGRESSIVE;
				GCC_WARN_UNUSED_FUNCTION = YES;
				GCC_WARN_UNUSED_VARIABLE = YES;
				IPHONEOS_DEPLOYMENT_TARGET = 8.0;
				MTL_ENABLE_DEBUG_INFO = NO;
				PROVISIONING_PROFILE = "0725a426-f90c-4ec0-b9b0-c5d0e81cd2bb";
				SDKROOT = iphoneos;
				VALIDATE_PRODUCT = YES;
			};
			name = Release;
		};
		3A20C3B11AAF7CB40055BBF4 /* Debug */ = {
			isa = XCBuildConfiguration;
			baseConfigurationReference = 8F0EA92544ED70729F437F9B /* Pods.debug.xcconfig */;
			buildSettings = {
				ASSETCATALOG_COMPILER_APPICON_NAME = AppIcon;
				INFOPLIST_FILE = motified/Info.plist;
				IPHONEOS_DEPLOYMENT_TARGET = 7.1;
				LD_RUNPATH_SEARCH_PATHS = "$(inherited) @executable_path/Frameworks";
				PRODUCT_NAME = "$(TARGET_NAME)";
				SWIFT_OBJC_BRIDGING_HEADER = motified/BridgingHeader.h;
			};
			name = Debug;
		};
		3A20C3B21AAF7CB40055BBF4 /* Release */ = {
			isa = XCBuildConfiguration;
			baseConfigurationReference = 2387A0DB163D8F90DAEF6FA5 /* Pods.release.xcconfig */;
			buildSettings = {
				ASSETCATALOG_COMPILER_APPICON_NAME = AppIcon;
				INFOPLIST_FILE = motified/Info.plist;
				IPHONEOS_DEPLOYMENT_TARGET = 7.1;
				LD_RUNPATH_SEARCH_PATHS = "$(inherited) @executable_path/Frameworks";
				PRODUCT_NAME = "$(TARGET_NAME)";
				SWIFT_OBJC_BRIDGING_HEADER = motified/BridgingHeader.h;
			};
			name = Release;
		};
		3A20C3B41AAF7CB40055BBF4 /* Debug */ = {
			isa = XCBuildConfiguration;
			baseConfigurationReference = 8F0EA92544ED70729F437F9B /* Pods.debug.xcconfig */;
			buildSettings = {
				BUNDLE_LOADER = "$(TEST_HOST)";
				FRAMEWORK_SEARCH_PATHS = (
					"$(SDKROOT)/Developer/Library/Frameworks",
					"$(inherited)",
				);
				GCC_PREPROCESSOR_DEFINITIONS = (
					"DEBUG=1",
					"$(inherited)",
				);
				INFOPLIST_FILE = motifiedTests/Info.plist;
				LD_RUNPATH_SEARCH_PATHS = "$(inherited) @executable_path/Frameworks @loader_path/Frameworks";
				PRODUCT_NAME = "$(TARGET_NAME)";
				SWIFT_OBJC_BRIDGING_HEADER = motified/BridgingHeader.h;
				TEST_HOST = "$(BUILT_PRODUCTS_DIR)/motified.app/motified";
			};
			name = Debug;
		};
		3A20C3B51AAF7CB40055BBF4 /* Release */ = {
			isa = XCBuildConfiguration;
			baseConfigurationReference = 2387A0DB163D8F90DAEF6FA5 /* Pods.release.xcconfig */;
			buildSettings = {
				BUNDLE_LOADER = "$(TEST_HOST)";
				FRAMEWORK_SEARCH_PATHS = (
					"$(SDKROOT)/Developer/Library/Frameworks",
					"$(inherited)",
				);
				INFOPLIST_FILE = motifiedTests/Info.plist;
				LD_RUNPATH_SEARCH_PATHS = "$(inherited) @executable_path/Frameworks @loader_path/Frameworks";
				PRODUCT_NAME = "$(TARGET_NAME)";
				SWIFT_OBJC_BRIDGING_HEADER = motified/BridgingHeader.h;
				TEST_HOST = "$(BUILT_PRODUCTS_DIR)/motified.app/motified";
			};
			name = Release;
		};
/* End XCBuildConfiguration section */

/* Begin XCConfigurationList section */
		3A20C38A1AAF7CB40055BBF4 /* Build configuration list for PBXProject "motified" */ = {
			isa = XCConfigurationList;
			buildConfigurations = (
				3A20C3AE1AAF7CB40055BBF4 /* Debug */,
				3A20C3AF1AAF7CB40055BBF4 /* Release */,
			);
			defaultConfigurationIsVisible = 0;
			defaultConfigurationName = Release;
		};
		3A20C3B01AAF7CB40055BBF4 /* Build configuration list for PBXNativeTarget "motified" */ = {
			isa = XCConfigurationList;
			buildConfigurations = (
				3A20C3B11AAF7CB40055BBF4 /* Debug */,
				3A20C3B21AAF7CB40055BBF4 /* Release */,
			);
			defaultConfigurationIsVisible = 0;
			defaultConfigurationName = Release;
		};
		3A20C3B31AAF7CB40055BBF4 /* Build configuration list for PBXNativeTarget "motifiedTests" */ = {
			isa = XCConfigurationList;
			buildConfigurations = (
				3A20C3B41AAF7CB40055BBF4 /* Debug */,
				3A20C3B51AAF7CB40055BBF4 /* Release */,
			);
			defaultConfigurationIsVisible = 0;
			defaultConfigurationName = Release;
		};
/* End XCConfigurationList section */
	};
	rootObject = 3A20C3871AAF7CB40055BBF4 /* Project object */;
}
